
Microsoft Visual Studio Solution File, Format Version 12.00
# Visual Studio Version 17
VisualStudioVersion = 17.11.35219.272
MinimumVisualStudioVersion = 10.0.40219.1
Project("{FAE04EC0-301F-11D3-BF4B-00C04F79EFBC}") = "OpenID", "OpenID.csproj", "{4233EA8D-EC41-4E96-9885-7266C5743113}"
EndProject
Global
	GlobalSection(SolutionConfigurationPlatforms) = preSolution
		Debug|Any CPU = Debug|Any CPU
		Release|Any CPU = Release|Any CPU
	EndGlobalSection
	GlobalSection(ProjectConfigurationPlatforms) = postSolution
		{4233EA8D-EC41-4E96-9885-7266C5743113}.Debug|Any CPU.ActiveCfg = Debug|Any CPU
		{4233EA8D-EC41-4E96-9885-7266C5743113}.Debug|Any CPU.Build.0 = Debug|Any CPU
		{4233EA8D-EC41-4E96-9885-7266C5743113}.Release|Any CPU.ActiveCfg = Release|Any CPU
		{4233EA8D-EC41-4E96-9885-7266C5743113}.Release|Any CPU.Build.0 = Release|Any CPU
	EndGlobalSection
	GlobalSection(SolutionProperties) = preSolution
		HideSolutionNode = FALSE
	EndGlobalSection
	GlobalSection(ExtensibilityGlobals) = postSolution
		SolutionGuid = {BBB05D45-765B-4770-91C8-0653B1F5A0C6}
	EndGlobalSection
EndGlobal
